// !$*UTF8*$!
{
	archiveVersion = 1;
	classes = {
	};
	objectVersion = 56;
	objects = {

/* Begin PBXBuildFile section */
		6EEC7ECC2C0F0DA00075F183 /* BalanceResponse.swift in Sources */ = {isa = PBXBuildFile; fileRef = 6EEC7ECB2C0F0DA00075F183 /* BalanceResponse.swift */; };
		B50F24962BFB780C00C0AC02 /* NetworkManager.swift in Sources */ = {isa = PBXBuildFile; fileRef = B50F24952BFB780C00C0AC02 /* NetworkManager.swift */; };
		B50F24982BFB781D00C0AC02 /* MyTask.swift in Sources */ = {isa = PBXBuildFile; fileRef = B50F24972BFB781D00C0AC02 /* MyTask.swift */; };
		B5269C732C04B32D00374E56 /* QuizViewController.swift in Sources */ = {isa = PBXBuildFile; fileRef = B5269C722C04B32D00374E56 /* QuizViewController.swift */; };
		B58604912BFDD8DC00C70D2D /* TasksViewController.swift in Sources */ = {isa = PBXBuildFile; fileRef = B58604902BFDD8DC00C70D2D /* TasksViewController.swift */; };
		B58604932BFDD91C00C70D2D /* TaskCell.swift in Sources */ = {isa = PBXBuildFile; fileRef = B58604922BFDD91C00C70D2D /* TaskCell.swift */; };
		B58604952BFE02E400C70D2D /* BankCardViewController.swift in Sources */ = {isa = PBXBuildFile; fileRef = B58604942BFE02E400C70D2D /* BankCardViewController.swift */; };
		B58604972BFE0DE500C70D2D /* TransferPointsToGoldViewController.swift in Sources */ = {isa = PBXBuildFile; fileRef = B58604962BFE0DE500C70D2D /* TransferPointsToGoldViewController.swift */; };
		B598BE5D2BFF2ED2005C244C /* ActivityViewController.swift in Sources */ = {isa = PBXBuildFile; fileRef = B598BE5C2BFF2ED2005C244C /* ActivityViewController.swift */; };
		B5A9FC5D2BFC6BA200897686 /* SnapKit in Frameworks */ = {isa = PBXBuildFile; productRef = B5A9FC5C2BFC6BA200897686 /* SnapKit */; };
		B5A9FC5F2BFC6BA200897686 /* SnapKit-Dynamic in Frameworks */ = {isa = PBXBuildFile; productRef = B5A9FC5E2BFC6BA200897686 /* SnapKit-Dynamic */; };
		B5A9FC622BFC6BAD00897686 /* Alamofire in Frameworks */ = {isa = PBXBuildFile; productRef = B5A9FC612BFC6BAD00897686 /* Alamofire */; };
		B5A9FC642BFC6BAD00897686 /* AlamofireDynamic in Frameworks */ = {isa = PBXBuildFile; productRef = B5A9FC632BFC6BAD00897686 /* AlamofireDynamic */; };
		B5A9FC672BFC6BBE00897686 /* Kingfisher in Frameworks */ = {isa = PBXBuildFile; productRef = B5A9FC662BFC6BBE00897686 /* Kingfisher */; };
		B5A9FC6A2BFC6BD800897686 /* Eureka in Frameworks */ = {isa = PBXBuildFile; productRef = B5A9FC692BFC6BD800897686 /* Eureka */; };
		B5A9FC6C2BFC78C000897686 /* Reward.swift in Sources */ = {isa = PBXBuildFile; fileRef = B5A9FC6B2BFC78C000897686 /* Reward.swift */; };
		B5A9FC6E2BFC7CE700897686 /* HomeViewController.swift in Sources */ = {isa = PBXBuildFile; fileRef = B5A9FC6D2BFC7CE700897686 /* HomeViewController.swift */; };
		B5A9FC702BFC838C00897686 /* ClaimRewards.swift in Sources */ = {isa = PBXBuildFile; fileRef = B5A9FC6F2BFC838C00897686 /* ClaimRewards.swift */; };
		B5A9FC722BFC956A00897686 /* Transfer.swift in Sources */ = {isa = PBXBuildFile; fileRef = B5A9FC712BFC956A00897686 /* Transfer.swift */; };
		B5A9FC742BFC991F00897686 /* CompletedTask.swift in Sources */ = {isa = PBXBuildFile; fileRef = B5A9FC732BFC991F00897686 /* CompletedTask.swift */; };
		B5A9FC762BFC9AB100897686 /* PointsTransferRequest.swift in Sources */ = {isa = PBXBuildFile; fileRef = B5A9FC752BFC9AB100897686 /* PointsTransferRequest.swift */; };
		B5A9FC782BFCAEA800897686 /* Parent.swift in Sources */ = {isa = PBXBuildFile; fileRef = B5A9FC772BFCAEA800897686 /* Parent.swift */; };
		B5D48BFD2BFB636300CDBA85 /* AppDelegate.swift in Sources */ = {isa = PBXBuildFile; fileRef = B5D48BFC2BFB636300CDBA85 /* AppDelegate.swift */; };
		B5D48BFF2BFB636300CDBA85 /* SceneDelegate.swift in Sources */ = {isa = PBXBuildFile; fileRef = B5D48BFE2BFB636300CDBA85 /* SceneDelegate.swift */; };
		B5D48C042BFB636300CDBA85 /* Main.storyboard in Resources */ = {isa = PBXBuildFile; fileRef = B5D48C022BFB636300CDBA85 /* Main.storyboard */; };
		B5D48C062BFB636300CDBA85 /* Assets.xcassets in Resources */ = {isa = PBXBuildFile; fileRef = B5D48C052BFB636300CDBA85 /* Assets.xcassets */; };
		B5D48C092BFB636300CDBA85 /* LaunchScreen.storyboard in Resources */ = {isa = PBXBuildFile; fileRef = B5D48C072BFB636300CDBA85 /* LaunchScreen.storyboard */; };
		E0461F142C0C400E00A34619 /* RewardViewController.swift in Sources */ = {isa = PBXBuildFile; fileRef = E0461F132C0C400E00A34619 /* RewardViewController.swift */; };
		E0461F162C0C593900A34619 /* TransferPointsToMoneyViewController.swift in Sources */ = {isa = PBXBuildFile; fileRef = E0461F152C0C593900A34619 /* TransferPointsToMoneyViewController.swift */; };
		E0461F182C0EF17F00A34619 /* RewardCell.swift in Sources */ = {isa = PBXBuildFile; fileRef = E0461F172C0EF17F00A34619 /* RewardCell.swift */; };
		E0461F1F2C0EF8F000A34619 /* HomeTableViewController.swift in Sources */ = {isa = PBXBuildFile; fileRef = E0461F1E2C0EF8F000A34619 /* HomeTableViewController.swift */; };
		E0908BCF2BFDD36E008EA18A /* LoginViewController.swift in Sources */ = {isa = PBXBuildFile; fileRef = E0908BCD2BFDD36E008EA18A /* LoginViewController.swift */; };
		E0908BD02BFDD36E008EA18A /* WelcomeViewController.swift in Sources */ = {isa = PBXBuildFile; fileRef = E0908BCE2BFDD36E008EA18A /* WelcomeViewController.swift */; };
		E0908BD32BFDD37E008EA18A /* Child.swift in Sources */ = {isa = PBXBuildFile; fileRef = E0908BD12BFDD37E008EA18A /* Child.swift */; };
		E0908BD42BFDD37E008EA18A /* TokenResponse.swift in Sources */ = {isa = PBXBuildFile; fileRef = E0908BD22BFDD37E008EA18A /* TokenResponse.swift */; };
/* End PBXBuildFile section */

/* Begin PBXFileReference section */
		6EEC7ECB2C0F0DA00075F183 /* BalanceResponse.swift */ = {isa = PBXFileReference; lastKnownFileType = sourcecode.swift; path = BalanceResponse.swift; sourceTree = "<group>"; };
		B50F24952BFB780C00C0AC02 /* NetworkManager.swift */ = {isa = PBXFileReference; lastKnownFileType = sourcecode.swift; path = NetworkManager.swift; sourceTree = "<group>"; };
		B50F24972BFB781D00C0AC02 /* MyTask.swift */ = {isa = PBXFileReference; lastKnownFileType = sourcecode.swift; path = MyTask.swift; sourceTree = "<group>"; };
		B5269C722C04B32D00374E56 /* QuizViewController.swift */ = {isa = PBXFileReference; lastKnownFileType = sourcecode.swift; path = QuizViewController.swift; sourceTree = "<group>"; };
		B58604902BFDD8DC00C70D2D /* TasksViewController.swift */ = {isa = PBXFileReference; lastKnownFileType = sourcecode.swift; path = TasksViewController.swift; sourceTree = "<group>"; };
		B58604922BFDD91C00C70D2D /* TaskCell.swift */ = {isa = PBXFileReference; lastKnownFileType = sourcecode.swift; path = TaskCell.swift; sourceTree = "<group>"; };
		B58604942BFE02E400C70D2D /* BankCardViewController.swift */ = {isa = PBXFileReference; lastKnownFileType = sourcecode.swift; path = BankCardViewController.swift; sourceTree = "<group>"; };
		B58604962BFE0DE500C70D2D /* TransferPointsToGoldViewController.swift */ = {isa = PBXFileReference; lastKnownFileType = sourcecode.swift; path = TransferPointsToGoldViewController.swift; sourceTree = "<group>"; };
		B598BE5C2BFF2ED2005C244C /* ActivityViewController.swift */ = {isa = PBXFileReference; lastKnownFileType = sourcecode.swift; path = ActivityViewController.swift; sourceTree = "<group>"; };
		B5A9FC6B2BFC78C000897686 /* Reward.swift */ = {isa = PBXFileReference; lastKnownFileType = sourcecode.swift; path = Reward.swift; sourceTree = "<group>"; };
		B5A9FC6D2BFC7CE700897686 /* HomeViewController.swift */ = {isa = PBXFileReference; lastKnownFileType = sourcecode.swift; path = HomeViewController.swift; sourceTree = "<group>"; };
		B5A9FC6F2BFC838C00897686 /* ClaimRewards.swift */ = {isa = PBXFileReference; lastKnownFileType = sourcecode.swift; path = ClaimRewards.swift; sourceTree = "<group>"; };
		B5A9FC712BFC956A00897686 /* Transfer.swift */ = {isa = PBXFileReference; lastKnownFileType = sourcecode.swift; path = Transfer.swift; sourceTree = "<group>"; };
		B5A9FC732BFC991F00897686 /* CompletedTask.swift */ = {isa = PBXFileReference; lastKnownFileType = sourcecode.swift; path = CompletedTask.swift; sourceTree = "<group>"; };
		B5A9FC752BFC9AB100897686 /* PointsTransferRequest.swift */ = {isa = PBXFileReference; lastKnownFileType = sourcecode.swift; path = PointsTransferRequest.swift; sourceTree = "<group>"; };
		B5A9FC772BFCAEA800897686 /* Parent.swift */ = {isa = PBXFileReference; lastKnownFileType = sourcecode.swift; path = Parent.swift; sourceTree = "<group>"; };
		B5D48BF92BFB636300CDBA85 /* KFH-Kids.app */ = {isa = PBXFileReference; explicitFileType = wrapper.application; includeInIndex = 0; path = "KFH-Kids.app"; sourceTree = BUILT_PRODUCTS_DIR; };
		B5D48BFC2BFB636300CDBA85 /* AppDelegate.swift */ = {isa = PBXFileReference; lastKnownFileType = sourcecode.swift; path = AppDelegate.swift; sourceTree = "<group>"; };
		B5D48BFE2BFB636300CDBA85 /* SceneDelegate.swift */ = {isa = PBXFileReference; lastKnownFileType = sourcecode.swift; path = SceneDelegate.swift; sourceTree = "<group>"; };
		B5D48C032BFB636300CDBA85 /* Base */ = {isa = PBXFileReference; lastKnownFileType = file.storyboard; name = Base; path = Base.lproj/Main.storyboard; sourceTree = "<group>"; };
		B5D48C052BFB636300CDBA85 /* Assets.xcassets */ = {isa = PBXFileReference; lastKnownFileType = folder.assetcatalog; path = Assets.xcassets; sourceTree = "<group>"; };
		B5D48C082BFB636300CDBA85 /* Base */ = {isa = PBXFileReference; lastKnownFileType = file.storyboard; name = Base; path = Base.lproj/LaunchScreen.storyboard; sourceTree = "<group>"; };
		B5D48C0A2BFB636300CDBA85 /* Info.plist */ = {isa = PBXFileReference; lastKnownFileType = text.plist.xml; path = Info.plist; sourceTree = "<group>"; };
		E0461F132C0C400E00A34619 /* RewardViewController.swift */ = {isa = PBXFileReference; lastKnownFileType = sourcecode.swift; path = RewardViewController.swift; sourceTree = "<group>"; };
		E0461F152C0C593900A34619 /* TransferPointsToMoneyViewController.swift */ = {isa = PBXFileReference; lastKnownFileType = sourcecode.swift; path = TransferPointsToMoneyViewController.swift; sourceTree = "<group>"; };
		E0461F172C0EF17F00A34619 /* RewardCell.swift */ = {isa = PBXFileReference; lastKnownFileType = sourcecode.swift; path = RewardCell.swift; sourceTree = "<group>"; };
		E0461F1E2C0EF8F000A34619 /* HomeTableViewController.swift */ = {isa = PBXFileReference; lastKnownFileType = sourcecode.swift; path = HomeTableViewController.swift; sourceTree = "<group>"; };
		E0908BCD2BFDD36E008EA18A /* LoginViewController.swift */ = {isa = PBXFileReference; fileEncoding = 4; lastKnownFileType = sourcecode.swift; path = LoginViewController.swift; sourceTree = "<group>"; };
		E0908BCE2BFDD36E008EA18A /* WelcomeViewController.swift */ = {isa = PBXFileReference; fileEncoding = 4; lastKnownFileType = sourcecode.swift; path = WelcomeViewController.swift; sourceTree = "<group>"; };
		E0908BD12BFDD37E008EA18A /* Child.swift */ = {isa = PBXFileReference; fileEncoding = 4; lastKnownFileType = sourcecode.swift; path = Child.swift; sourceTree = "<group>"; };
		E0908BD22BFDD37E008EA18A /* TokenResponse.swift */ = {isa = PBXFileReference; fileEncoding = 4; lastKnownFileType = sourcecode.swift; path = TokenResponse.swift; sourceTree = "<group>"; };
/* End PBXFileReference section */

/* Begin PBXFrameworksBuildPhase section */
		B5D48BF62BFB636300CDBA85 /* Frameworks */ = {
			isa = PBXFrameworksBuildPhase;
			buildActionMask = 2147483647;
			files = (
				B5A9FC622BFC6BAD00897686 /* Alamofire in Frameworks */,
				B5A9FC642BFC6BAD00897686 /* AlamofireDynamic in Frameworks */,
				B5A9FC5D2BFC6BA200897686 /* SnapKit in Frameworks */,
				B5A9FC5F2BFC6BA200897686 /* SnapKit-Dynamic in Frameworks */,
				B5A9FC672BFC6BBE00897686 /* Kingfisher in Frameworks */,
				B5A9FC6A2BFC6BD800897686 /* Eureka in Frameworks */,
			);
			runOnlyForDeploymentPostprocessing = 0;
		};
/* End PBXFrameworksBuildPhase section */

/* Begin PBXGroup section */
		B50F24912BFB75F900C0AC02 /* VC */ = {
			isa = PBXGroup;
			children = (
				E0461F1A2C0EF7EB00A34619 /* Welcome-Login */,
				E0461F1B2C0EF83200A34619 /* HomeVC */,
				B58604902BFDD8DC00C70D2D /* TasksViewController.swift */,
				E0461F152C0C593900A34619 /* TransferPointsToMoneyViewController.swift */,
			);
			path = VC;
			sourceTree = "<group>";
		};
		B50F24922BFB75FF00C0AC02 /* NetworkManager */ = {
			isa = PBXGroup;
			children = (
				B50F24952BFB780C00C0AC02 /* NetworkManager.swift */,
			);
			path = NetworkManager;
			sourceTree = "<group>";
		};
		B50F24932BFB760D00C0AC02 /* Supporting */ = {
			isa = PBXGroup;
			children = (
				B5D48BFC2BFB636300CDBA85 /* AppDelegate.swift */,
				B5D48BFE2BFB636300CDBA85 /* SceneDelegate.swift */,
			);
			path = Supporting;
			sourceTree = "<group>";
		};
		B50F24942BFB761400C0AC02 /* Model */ = {
			isa = PBXGroup;
			children = (
				E0908BD12BFDD37E008EA18A /* Child.swift */,
				E0908BD22BFDD37E008EA18A /* TokenResponse.swift */,
				B50F24972BFB781D00C0AC02 /* MyTask.swift */,
				B5A9FC6B2BFC78C000897686 /* Reward.swift */,
				B5A9FC6F2BFC838C00897686 /* ClaimRewards.swift */,
				B5A9FC712BFC956A00897686 /* Transfer.swift */,
				B5A9FC732BFC991F00897686 /* CompletedTask.swift */,
				B5A9FC752BFC9AB100897686 /* PointsTransferRequest.swift */,
				B5A9FC772BFCAEA800897686 /* Parent.swift */,
				6EEC7ECB2C0F0DA00075F183 /* BalanceResponse.swift */,
			);
			path = Model;
			sourceTree = "<group>";
		};
		B5D48BF02BFB636300CDBA85 = {
			isa = PBXGroup;
			children = (
				B5D48BFB2BFB636300CDBA85 /* KFH-Kids */,
				B5D48BFA2BFB636300CDBA85 /* Products */,
			);
			sourceTree = "<group>";
		};
		B5D48BFA2BFB636300CDBA85 /* Products */ = {
			isa = PBXGroup;
			children = (
				B5D48BF92BFB636300CDBA85 /* KFH-Kids.app */,
			);
			name = Products;
			sourceTree = "<group>";
		};
		B5D48BFB2BFB636300CDBA85 /* KFH-Kids */ = {
			isa = PBXGroup;
			children = (
				B50F24942BFB761400C0AC02 /* Model */,
				B50F24932BFB760D00C0AC02 /* Supporting */,
				B50F24922BFB75FF00C0AC02 /* NetworkManager */,
				B50F24912BFB75F900C0AC02 /* VC */,
				B5D48C022BFB636300CDBA85 /* Main.storyboard */,
				B5D48C052BFB636300CDBA85 /* Assets.xcassets */,
				B5D48C072BFB636300CDBA85 /* LaunchScreen.storyboard */,
				B5D48C0A2BFB636300CDBA85 /* Info.plist */,
			);
			path = "KFH-Kids";
			sourceTree = "<group>";
		};
		E0461F192C0EF7D300A34619 /* Cells */ = {
			isa = PBXGroup;
			children = (
				B58604922BFDD91C00C70D2D /* TaskCell.swift */,
				E0461F172C0EF17F00A34619 /* RewardCell.swift */,
			);
			path = Cells;
			sourceTree = "<group>";
		};
		E0461F1A2C0EF7EB00A34619 /* Welcome-Login */ = {
			isa = PBXGroup;
			children = (
				E0908BCE2BFDD36E008EA18A /* WelcomeViewController.swift */,
				E0908BCD2BFDD36E008EA18A /* LoginViewController.swift */,
			);
			path = "Welcome-Login";
			sourceTree = "<group>";
		};
		E0461F1B2C0EF83200A34619 /* HomeVC */ = {
			isa = PBXGroup;
			children = (
				B5A9FC6D2BFC7CE700897686 /* HomeViewController.swift */,
				E0461F1E2C0EF8F000A34619 /* HomeTableViewController.swift */,
				B58604942BFE02E400C70D2D /* BankCardViewController.swift */,
				B58604962BFE0DE500C70D2D /* TransferPointsToGoldViewController.swift */,
				B598BE5C2BFF2ED2005C244C /* ActivityViewController.swift */,
				E0461F132C0C400E00A34619 /* RewardViewController.swift */,
				B5269C722C04B32D00374E56 /* QuizViewController.swift */,
				E0461F192C0EF7D300A34619 /* Cells */,
			);
			path = HomeVC;
			sourceTree = "<group>";
		};
/* End PBXGroup section */

/* Begin PBXNativeTarget section */
		B5D48BF82BFB636300CDBA85 /* KFH-Kids */ = {
			isa = PBXNativeTarget;
			buildConfigurationList = B5D48C0D2BFB636300CDBA85 /* Build configuration list for PBXNativeTarget "KFH-Kids" */;
			buildPhases = (
				B5D48BF52BFB636300CDBA85 /* Sources */,
				B5D48BF62BFB636300CDBA85 /* Frameworks */,
				B5D48BF72BFB636300CDBA85 /* Resources */,
			);
			buildRules = (
			);
			dependencies = (
			);
			name = "KFH-Kids";
			packageProductDependencies = (
				B5A9FC5C2BFC6BA200897686 /* SnapKit */,
				B5A9FC5E2BFC6BA200897686 /* SnapKit-Dynamic */,
				B5A9FC612BFC6BAD00897686 /* Alamofire */,
				B5A9FC632BFC6BAD00897686 /* AlamofireDynamic */,
				B5A9FC662BFC6BBE00897686 /* Kingfisher */,
				B5A9FC692BFC6BD800897686 /* Eureka */,
			);
			productName = "KFH-Kids";
			productReference = B5D48BF92BFB636300CDBA85 /* KFH-Kids.app */;
			productType = "com.apple.product-type.application";
		};
/* End PBXNativeTarget section */

/* Begin PBXProject section */
		B5D48BF12BFB636300CDBA85 /* Project object */ = {
			isa = PBXProject;
			attributes = {
				BuildIndependentTargetsInParallel = 1;
				LastSwiftUpdateCheck = 1520;
				LastUpgradeCheck = 1520;
				TargetAttributes = {
					B5D48BF82BFB636300CDBA85 = {
						CreatedOnToolsVersion = 15.2;
					};
				};
			};
			buildConfigurationList = B5D48BF42BFB636300CDBA85 /* Build configuration list for PBXProject "KFH-Kids" */;
			compatibilityVersion = "Xcode 14.0";
			developmentRegion = en;
			hasScannedForEncodings = 0;
			knownRegions = (
				en,
				Base,
			);
			mainGroup = B5D48BF02BFB636300CDBA85;
			packageReferences = (
				B5A9FC5B2BFC6BA200897686 /* XCRemoteSwiftPackageReference "SnapKit" */,
				B5A9FC602BFC6BAD00897686 /* XCRemoteSwiftPackageReference "Alamofire" */,
				B5A9FC652BFC6BBE00897686 /* XCRemoteSwiftPackageReference "Kingfisher" */,
				B5A9FC682BFC6BD800897686 /* XCRemoteSwiftPackageReference "Eureka" */,
			);
			productRefGroup = B5D48BFA2BFB636300CDBA85 /* Products */;
			projectDirPath = "";
			projectRoot = "";
			targets = (
				B5D48BF82BFB636300CDBA85 /* KFH-Kids */,
			);
		};
/* End PBXProject section */

/* Begin PBXResourcesBuildPhase section */
		B5D48BF72BFB636300CDBA85 /* Resources */ = {
			isa = PBXResourcesBuildPhase;
			buildActionMask = 2147483647;
			files = (
				B5D48C092BFB636300CDBA85 /* LaunchScreen.storyboard in Resources */,
				B5D48C062BFB636300CDBA85 /* Assets.xcassets in Resources */,
				B5D48C042BFB636300CDBA85 /* Main.storyboard in Resources */,
			);
			runOnlyForDeploymentPostprocessing = 0;
		};
/* End PBXResourcesBuildPhase section */

/* Begin PBXSourcesBuildPhase section */
		B5D48BF52BFB636300CDBA85 /* Sources */ = {
			isa = PBXSourcesBuildPhase;
			buildActionMask = 2147483647;
			files = (
				E0908BCF2BFDD36E008EA18A /* LoginViewController.swift in Sources */,
				B50F24962BFB780C00C0AC02 /* NetworkManager.swift in Sources */,
				B5D48BFD2BFB636300CDBA85 /* AppDelegate.swift in Sources */,
				B598BE5D2BFF2ED2005C244C /* ActivityViewController.swift in Sources */,
				B5A9FC702BFC838C00897686 /* ClaimRewards.swift in Sources */,
				E0908BD42BFDD37E008EA18A /* TokenResponse.swift in Sources */,
				B58604912BFDD8DC00C70D2D /* TasksViewController.swift in Sources */,
				B50F24982BFB781D00C0AC02 /* MyTask.swift in Sources */,
				B5A9FC6C2BFC78C000897686 /* Reward.swift in Sources */,
				E0908BD02BFDD36E008EA18A /* WelcomeViewController.swift in Sources */,
				B5A9FC762BFC9AB100897686 /* PointsTransferRequest.swift in Sources */,
				E0461F142C0C400E00A34619 /* RewardViewController.swift in Sources */,
				B5A9FC742BFC991F00897686 /* CompletedTask.swift in Sources */,
				B5A9FC6E2BFC7CE700897686 /* HomeViewController.swift in Sources */,
				B5A9FC722BFC956A00897686 /* Transfer.swift in Sources */,
				B5A9FC782BFCAEA800897686 /* Parent.swift in Sources */,
				E0461F182C0EF17F00A34619 /* RewardCell.swift in Sources */,
				6EEC7ECC2C0F0DA00075F183 /* BalanceResponse.swift in Sources */,
				B5269C732C04B32D00374E56 /* QuizViewController.swift in Sources */,
				B58604952BFE02E400C70D2D /* BankCardViewController.swift in Sources */,
				B58604932BFDD91C00C70D2D /* TaskCell.swift in Sources */,
				B58604972BFE0DE500C70D2D /* TransferPointsToGoldViewController.swift in Sources */,
				E0908BD32BFDD37E008EA18A /* Child.swift in Sources */,
				E0461F162C0C593900A34619 /* TransferPointsToMoneyViewController.swift in Sources */,
				B5D48BFF2BFB636300CDBA85 /* SceneDelegate.swift in Sources */,
				E0461F1F2C0EF8F000A34619 /* HomeTableViewController.swift in Sources */,
			);
			runOnlyForDeploymentPostprocessing = 0;
		};
/* End PBXSourcesBuildPhase section */

/* Begin PBXVariantGroup section */
		B5D48C022BFB636300CDBA85 /* Main.storyboard */ = {
			isa = PBXVariantGroup;
			children = (
				B5D48C032BFB636300CDBA85 /* Base */,
			);
			name = Main.storyboard;
			sourceTree = "<group>";
		};
		B5D48C072BFB636300CDBA85 /* LaunchScreen.storyboard */ = {
			isa = PBXVariantGroup;
			children = (
				B5D48C082BFB636300CDBA85 /* Base */,
			);
			name = LaunchScreen.storyboard;
			sourceTree = "<group>";
		};
/* End PBXVariantGroup section */

/* Begin XCBuildConfiguration section */
		B5D48C0B2BFB636300CDBA85 /* Debug */ = {
			isa = XCBuildConfiguration;
			buildSettings = {
				ALWAYS_SEARCH_USER_PATHS = NO;
				ASSETCATALOG_COMPILER_GENERATE_SWIFT_ASSET_SYMBOL_EXTENSIONS = YES;
				CLANG_ANALYZER_NONNULL = YES;
				CLANG_ANALYZER_NUMBER_OBJECT_CONVERSION = YES_AGGRESSIVE;
				CLANG_CXX_LANGUAGE_STANDARD = "gnu++20";
				CLANG_ENABLE_MODULES = YES;
				CLANG_ENABLE_OBJC_ARC = YES;
				CLANG_ENABLE_OBJC_WEAK = YES;
				CLANG_WARN_BLOCK_CAPTURE_AUTORELEASING = YES;
				CLANG_WARN_BOOL_CONVERSION = YES;
				CLANG_WARN_COMMA = YES;
				CLANG_WARN_CONSTANT_CONVERSION = YES;
				CLANG_WARN_DEPRECATED_OBJC_IMPLEMENTATIONS = YES;
				CLANG_WARN_DIRECT_OBJC_ISA_USAGE = YES_ERROR;
				CLANG_WARN_DOCUMENTATION_COMMENTS = YES;
				CLANG_WARN_EMPTY_BODY = YES;
				CLANG_WARN_ENUM_CONVERSION = YES;
				CLANG_WARN_INFINITE_RECURSION = YES;
				CLANG_WARN_INT_CONVERSION = YES;
				CLANG_WARN_NON_LITERAL_NULL_CONVERSION = YES;
				CLANG_WARN_OBJC_IMPLICIT_RETAIN_SELF = YES;
				CLANG_WARN_OBJC_LITERAL_CONVERSION = YES;
				CLANG_WARN_OBJC_ROOT_CLASS = YES_ERROR;
				CLANG_WARN_QUOTED_INCLUDE_IN_FRAMEWORK_HEADER = YES;
				CLANG_WARN_RANGE_LOOP_ANALYSIS = YES;
				CLANG_WARN_STRICT_PROTOTYPES = YES;
				CLANG_WARN_SUSPICIOUS_MOVE = YES;
				CLANG_WARN_UNGUARDED_AVAILABILITY = YES_AGGRESSIVE;
				CLANG_WARN_UNREACHABLE_CODE = YES;
				CLANG_WARN__DUPLICATE_METHOD_MATCH = YES;
				COPY_PHASE_STRIP = NO;
				DEBUG_INFORMATION_FORMAT = dwarf;
				ENABLE_STRICT_OBJC_MSGSEND = YES;
				ENABLE_TESTABILITY = YES;
				ENABLE_USER_SCRIPT_SANDBOXING = YES;
				GCC_C_LANGUAGE_STANDARD = gnu17;
				GCC_DYNAMIC_NO_PIC = NO;
				GCC_NO_COMMON_BLOCKS = YES;
				GCC_OPTIMIZATION_LEVEL = 0;
				GCC_PREPROCESSOR_DEFINITIONS = (
					"DEBUG=1",
					"$(inherited)",
				);
				GCC_WARN_64_TO_32_BIT_CONVERSION = YES;
				GCC_WARN_ABOUT_RETURN_TYPE = YES_ERROR;
				GCC_WARN_UNDECLARED_SELECTOR = YES;
				GCC_WARN_UNINITIALIZED_AUTOS = YES_AGGRESSIVE;
				GCC_WARN_UNUSED_FUNCTION = YES;
				GCC_WARN_UNUSED_VARIABLE = YES;
				IPHONEOS_DEPLOYMENT_TARGET = 17.2;
				LOCALIZATION_PREFERS_STRING_CATALOGS = YES;
				MTL_ENABLE_DEBUG_INFO = INCLUDE_SOURCE;
				MTL_FAST_MATH = YES;
				ONLY_ACTIVE_ARCH = YES;
				SDKROOT = iphoneos;
				SWIFT_ACTIVE_COMPILATION_CONDITIONS = "DEBUG $(inherited)";
				SWIFT_OPTIMIZATION_LEVEL = "-Onone";
			};
			name = Debug;
		};
		B5D48C0C2BFB636300CDBA85 /* Release */ = {
			isa = XCBuildConfiguration;
			buildSettings = {
				ALWAYS_SEARCH_USER_PATHS = NO;
				ASSETCATALOG_COMPILER_GENERATE_SWIFT_ASSET_SYMBOL_EXTENSIONS = YES;
				CLANG_ANALYZER_NONNULL = YES;
				CLANG_ANALYZER_NUMBER_OBJECT_CONVERSION = YES_AGGRESSIVE;
				CLANG_CXX_LANGUAGE_STANDARD = "gnu++20";
				CLANG_ENABLE_MODULES = YES;
				CLANG_ENABLE_OBJC_ARC = YES;
				CLANG_ENABLE_OBJC_WEAK = YES;
				CLANG_WARN_BLOCK_CAPTURE_AUTORELEASING = YES;
				CLANG_WARN_BOOL_CONVERSION = YES;
				CLANG_WARN_COMMA = YES;
				CLANG_WARN_CONSTANT_CONVERSION = YES;
				CLANG_WARN_DEPRECATED_OBJC_IMPLEMENTATIONS = YES;
				CLANG_WARN_DIRECT_OBJC_ISA_USAGE = YES_ERROR;
				CLANG_WARN_DOCUMENTATION_COMMENTS = YES;
				CLANG_WARN_EMPTY_BODY = YES;
				CLANG_WARN_ENUM_CONVERSION = YES;
				CLANG_WARN_INFINITE_RECURSION = YES;
				CLANG_WARN_INT_CONVERSION = YES;
				CLANG_WARN_NON_LITERAL_NULL_CONVERSION = YES;
				CLANG_WARN_OBJC_IMPLICIT_RETAIN_SELF = YES;
				CLANG_WARN_OBJC_LITERAL_CONVERSION = YES;
				CLANG_WARN_OBJC_ROOT_CLASS = YES_ERROR;
				CLANG_WARN_QUOTED_INCLUDE_IN_FRAMEWORK_HEADER = YES;
				CLANG_WARN_RANGE_LOOP_ANALYSIS = YES;
				CLANG_WARN_STRICT_PROTOTYPES = YES;
				CLANG_WARN_SUSPICIOUS_MOVE = YES;
				CLANG_WARN_UNGUARDED_AVAILABILITY = YES_AGGRESSIVE;
				CLANG_WARN_UNREACHABLE_CODE = YES;
				CLANG_WARN__DUPLICATE_METHOD_MATCH = YES;
				COPY_PHASE_STRIP = NO;
				DEBUG_INFORMATION_FORMAT = "dwarf-with-dsym";
				ENABLE_NS_ASSERTIONS = NO;
				ENABLE_STRICT_OBJC_MSGSEND = YES;
				ENABLE_USER_SCRIPT_SANDBOXING = YES;
				GCC_C_LANGUAGE_STANDARD = gnu17;
				GCC_NO_COMMON_BLOCKS = YES;
				GCC_WARN_64_TO_32_BIT_CONVERSION = YES;
				GCC_WARN_ABOUT_RETURN_TYPE = YES_ERROR;
				GCC_WARN_UNDECLARED_SELECTOR = YES;
				GCC_WARN_UNINITIALIZED_AUTOS = YES_AGGRESSIVE;
				GCC_WARN_UNUSED_FUNCTION = YES;
				GCC_WARN_UNUSED_VARIABLE = YES;
				IPHONEOS_DEPLOYMENT_TARGET = 17.2;
				LOCALIZATION_PREFERS_STRING_CATALOGS = YES;
				MTL_ENABLE_DEBUG_INFO = NO;
				MTL_FAST_MATH = YES;
				SDKROOT = iphoneos;
				SWIFT_COMPILATION_MODE = wholemodule;
				VALIDATE_PRODUCT = YES;
			};
			name = Release;
		};
		B5D48C0E2BFB636300CDBA85 /* Debug */ = {
			isa = XCBuildConfiguration;
			buildSettings = {
				ASSETCATALOG_COMPILER_APPICON_NAME = AppIcon;
				ASSETCATALOG_COMPILER_GLOBAL_ACCENT_COLOR_NAME = AccentColor;
				CODE_SIGN_STYLE = Automatic;
				CURRENT_PROJECT_VERSION = 1;
				DEVELOPMENT_TEAM = P8Y7SG9KSV;
				GENERATE_INFOPLIST_FILE = YES;
				INFOPLIST_FILE = "KFH-Kids/Info.plist";
				INFOPLIST_KEY_UIApplicationSupportsIndirectInputEvents = YES;
				INFOPLIST_KEY_UILaunchStoryboardName = LaunchScreen;
				INFOPLIST_KEY_UIMainStoryboardFile = Main;
				INFOPLIST_KEY_UISupportedInterfaceOrientations_iPad = "UIInterfaceOrientationPortrait UIInterfaceOrientationPortraitUpsideDown UIInterfaceOrientationLandscapeLeft UIInterfaceOrientationLandscapeRight";
				INFOPLIST_KEY_UISupportedInterfaceOrientations_iPhone = "UIInterfaceOrientationPortrait UIInterfaceOrientationLandscapeLeft UIInterfaceOrientationLandscapeRight";
				IPHONEOS_DEPLOYMENT_TARGET = 16.0;
				LD_RUNPATH_SEARCH_PATHS = (
					"$(inherited)",
					"@executable_path/Frameworks",
				);
				MARKETING_VERSION = 1.0;
				PRODUCT_BUNDLE_IDENTIFIER = "Razan.KFH-Kids";
				PRODUCT_NAME = "$(TARGET_NAME)";
				SUPPORTED_PLATFORMS = "iphoneos iphonesimulator";
				SUPPORTS_MACCATALYST = NO;
				SUPPORTS_MAC_DESIGNED_FOR_IPHONE_IPAD = NO;
				SUPPORTS_XR_DESIGNED_FOR_IPHONE_IPAD = NO;
				SWIFT_EMIT_LOC_STRINGS = YES;
				SWIFT_VERSION = 5.0;
				TARGETED_DEVICE_FAMILY = 1;
			};
			name = Debug;
		};
		B5D48C0F2BFB636300CDBA85 /* Release */ = {
			isa = XCBuildConfiguration;
			buildSettings = {
				ASSETCATALOG_COMPILER_APPICON_NAME = AppIcon;
				ASSETCATALOG_COMPILER_GLOBAL_ACCENT_COLOR_NAME = AccentColor;
				CODE_SIGN_STYLE = Automatic;
				CURRENT_PROJECT_VERSION = 1;
				DEVELOPMENT_TEAM = P8Y7SG9KSV;
				GENERATE_INFOPLIST_FILE = YES;
				INFOPLIST_FILE = "KFH-Kids/Info.plist";
				INFOPLIST_KEY_UIApplicationSupportsIndirectInputEvents = YES;
				INFOPLIST_KEY_UILaunchStoryboardName = LaunchScreen;
				INFOPLIST_KEY_UIMainStoryboardFile = Main;
				INFOPLIST_KEY_UISupportedInterfaceOrientations_iPad = "UIInterfaceOrientationPortrait UIInterfaceOrientationPortraitUpsideDown UIInterfaceOrientationLandscapeLeft UIInterfaceOrientationLandscapeRight";
				INFOPLIST_KEY_UISupportedInterfaceOrientations_iPhone = "UIInterfaceOrientationPortrait UIInterfaceOrientationLandscapeLeft UIInterfaceOrientationLandscapeRight";
				IPHONEOS_DEPLOYMENT_TARGET = 16.0;
				LD_RUNPATH_SEARCH_PATHS = (
					"$(inherited)",
					"@executable_path/Frameworks",
				);
				MARKETING_VERSION = 1.0;
				PRODUCT_BUNDLE_IDENTIFIER = "Razan.KFH-Kids";
				PRODUCT_NAME = "$(TARGET_NAME)";
				SUPPORTED_PLATFORMS = "iphoneos iphonesimulator";
				SUPPORTS_MACCATALYST = NO;
				SUPPORTS_MAC_DESIGNED_FOR_IPHONE_IPAD = NO;
				SUPPORTS_XR_DESIGNED_FOR_IPHONE_IPAD = NO;
				SWIFT_EMIT_LOC_STRINGS = YES;
				SWIFT_VERSION = 5.0;
				TARGETED_DEVICE_FAMILY = 1;
			};
			name = Release;
		};
/* End XCBuildConfiguration section */

/* Begin XCConfigurationList section */
		B5D48BF42BFB636300CDBA85 /* Build configuration list for PBXProject "KFH-Kids" */ = {
			isa = XCConfigurationList;
			buildConfigurations = (
				B5D48C0B2BFB636300CDBA85 /* Debug */,
				B5D48C0C2BFB636300CDBA85 /* Release */,
			);
			defaultConfigurationIsVisible = 0;
			defaultConfigurationName = Release;
		};
		B5D48C0D2BFB636300CDBA85 /* Build configuration list for PBXNativeTarget "KFH-Kids" */ = {
			isa = XCConfigurationList;
			buildConfigurations = (
				B5D48C0E2BFB636300CDBA85 /* Debug */,
				B5D48C0F2BFB636300CDBA85 /* Release */,
			);
			defaultConfigurationIsVisible = 0;
			defaultConfigurationName = Release;
		};
/* End XCConfigurationList section */

/* Begin XCRemoteSwiftPackageReference section */
		B5A9FC5B2BFC6BA200897686 /* XCRemoteSwiftPackageReference "SnapKit" */ = {
			isa = XCRemoteSwiftPackageReference;
			repositoryURL = "https://github.com/SnapKit/SnapKit.git";
			requirement = {
				kind = upToNextMajorVersion;
				minimumVersion = 5.7.1;
			};
		};
		B5A9FC602BFC6BAD00897686 /* XCRemoteSwiftPackageReference "Alamofire" */ = {
			isa = XCRemoteSwiftPackageReference;
			repositoryURL = "https://github.com/Alamofire/Alamofire";
			requirement = {
				kind = upToNextMajorVersion;
				minimumVersion = 5.9.1;
			};
		};
		B5A9FC652BFC6BBE00897686 /* XCRemoteSwiftPackageReference "Kingfisher" */ = {
			isa = XCRemoteSwiftPackageReference;
			repositoryURL = "https://github.com/onevcat/Kingfisher.git";
			requirement = {
				kind = upToNextMajorVersion;
				minimumVersion = 7.11.0;
			};
		};
		B5A9FC682BFC6BD800897686 /* XCRemoteSwiftPackageReference "Eureka" */ = {
			isa = XCRemoteSwiftPackageReference;
			repositoryURL = "https://github.com/xmartlabs/Eureka";
			requirement = {
				kind = upToNextMajorVersion;
				minimumVersion = 5.4.0;
			};
		};
/* End XCRemoteSwiftPackageReference section */

/* Begin XCSwiftPackageProductDependency section */
		B5A9FC5C2BFC6BA200897686 /* SnapKit */ = {
			isa = XCSwiftPackageProductDependency;
			package = B5A9FC5B2BFC6BA200897686 /* XCRemoteSwiftPackageReference "SnapKit" */;
			productName = SnapKit;
		};
		B5A9FC5E2BFC6BA200897686 /* SnapKit-Dynamic */ = {
			isa = XCSwiftPackageProductDependency;
			package = B5A9FC5B2BFC6BA200897686 /* XCRemoteSwiftPackageReference "SnapKit" */;
			productName = "SnapKit-Dynamic";
		};
		B5A9FC612BFC6BAD00897686 /* Alamofire */ = {
			isa = XCSwiftPackageProductDependency;
			package = B5A9FC602BFC6BAD00897686 /* XCRemoteSwiftPackageReference "Alamofire" */;
			productName = Alamofire;
		};
		B5A9FC632BFC6BAD00897686 /* AlamofireDynamic */ = {
			isa = XCSwiftPackageProductDependency;
			package = B5A9FC602BFC6BAD00897686 /* XCRemoteSwiftPackageReference "Alamofire" */;
			productName = AlamofireDynamic;
		};
		B5A9FC662BFC6BBE00897686 /* Kingfisher */ = {
			isa = XCSwiftPackageProductDependency;
			package = B5A9FC652BFC6BBE00897686 /* XCRemoteSwiftPackageReference "Kingfisher" */;
			productName = Kingfisher;
		};
		B5A9FC692BFC6BD800897686 /* Eureka */ = {
			isa = XCSwiftPackageProductDependency;
			package = B5A9FC682BFC6BD800897686 /* XCRemoteSwiftPackageReference "Eureka" */;
			productName = Eureka;
		};
/* End XCSwiftPackageProductDependency section */
	};
	rootObject = B5D48BF12BFB636300CDBA85 /* Project object */;
}
